schema: '2.0'
stages:
  update_pathes:
    cmd: python dataset_stats.py
    deps:
    - path: data
      hash: md5
      md5: 40405a00163304e21d2c272a8b8c487e.dir
      size: 140009
      nfiles: 691
    - path: dataset_stats.py
      hash: md5
      md5: b9845eb4ce98665e2eee4857d46e8e48
      size: 1103
    outs:
    - path: stats.csv
      hash: md5
      md5: 52c272655919b51fa9f6691ca320b15a
      size: 397
